
Microsoft Visual Studio Solution File, Format Version 12.00
# Visual Studio Version 16
VisualStudioVersion = 16.0.29102.190
MinimumVisualStudioVersion = 10.0.40219.1
Project("{FAE04EC0-301F-11D3-BF4B-00C04F79EFBC}") = "WindowsFormsApp1", "WindowsFormsApp1\WindowsFormsApp1.csproj", "{7B9E689B-EC7B-48C4-BEBA-683EF91CAD02}"
EndProject
Project("{FAE04EC0-301F-11D3-BF4B-00C04F79EFBC}") = "WindowsFormsApp2", "WindowsFormsApp2\WindowsFormsApp2.csproj", "{DB381669-A80B-42D6-BBB7-D392E19A7063}"
EndProject
Global
	GlobalSection(SolutionConfigurationPlatforms) = preSolution
		Debug|Any CPU = Debug|Any CPU
		Release|Any CPU = Release|Any CPU
	EndGlobalSection
	GlobalSection(ProjectConfigurationPlatforms) = postSolution
		{7B9E689B-EC7B-48C4-BEBA-683EF91CAD02}.Debug|Any CPU.ActiveCfg = Debug|Any CPU
		{7B9E689B-EC7B-48C4-BEBA-683EF91CAD02}.Debug|Any CPU.Build.0 = Debug|Any CPU
		{7B9E689B-EC7B-48C4-BEBA-683EF91CAD02}.Release|Any CPU.ActiveCfg = Release|Any CPU
		{7B9E689B-EC7B-48C4-BEBA-683EF91CAD02}.Release|Any CPU.Build.0 = Release|Any CPU
		{DB381669-A80B-42D6-BBB7-D392E19A7063}.Debug|Any CPU.ActiveCfg = Debug|Any CPU
		{DB381669-A80B-42D6-BBB7-D392E19A7063}.Debug|Any CPU.Build.0 = Debug|Any CPU
		{DB381669-A80B-42D6-BBB7-D392E19A7063}.Release|Any CPU.ActiveCfg = Release|Any CPU
		{DB381669-A80B-42D6-BBB7-D392E19A7063}.Release|Any CPU.Build.0 = Release|Any CPU
	EndGlobalSection
	GlobalSection(SolutionProperties) = preSolution
		HideSolutionNode = FALSE
	EndGlobalSection
	GlobalSection(ExtensibilityGlobals) = postSolution
		SolutionGuid = {895446AE-A8F5-4DE7-B01C-FEB2F5CB078D}
	EndGlobalSection
EndGlobal
